
Microsoft Visual Studio Solution File, Format Version 12.00
# Visual Studio Version 17
VisualStudioVersion = 17.10.35027.167
MinimumVisualStudioVersion = 10.0.40219.1
Project("{FAE04EC0-301F-11D3-BF4B-00C04F79EFBC}") = "WeeklyTest4", "WeeklyTest4\WeeklyTest4.csproj", "{67376865-1AC9-47F4-B656-BCBA619F5FBD}"
EndProject
Global
	GlobalSection(SolutionConfigurationPlatforms) = preSolution
		Debug|Any CPU = Debug|Any CPU
		Release|Any CPU = Release|Any CPU
	EndGlobalSection
	GlobalSection(ProjectConfigurationPlatforms) = postSolution
		{67376865-1AC9-47F4-B656-BCBA619F5FBD}.Debug|Any CPU.ActiveCfg = Debug|Any CPU
		{67376865-1AC9-47F4-B656-BCBA619F5FBD}.Debug|Any CPU.Build.0 = Debug|Any CPU
		{67376865-1AC9-47F4-B656-BCBA619F5FBD}.Release|Any CPU.ActiveCfg = Release|Any CPU
		{67376865-1AC9-47F4-B656-BCBA619F5FBD}.Release|Any CPU.Build.0 = Release|Any CPU
	EndGlobalSection
	GlobalSection(SolutionProperties) = preSolution
		HideSolutionNode = FALSE
	EndGlobalSection
	GlobalSection(ExtensibilityGlobals) = postSolution
		SolutionGuid = {73DFB896-EB8B-444C-BB8B-D25026462616}
	EndGlobalSection
EndGlobal
